
Microsoft Visual Studio Solution File, Format Version 12.00
# Visual Studio 15
VisualStudioVersion = 15.0.26730.16
MinimumVisualStudioVersion = 10.0.40219.1
Project("{8BC9CEB8-8B4A-11D0-8D11-00A0C91BC942}") = "ProcComs", "ProcComs\ProcComs.vcxproj", "{6C855BBB-9A74-4C81-B322-FC8E30ED38B5}"
EndProject
Project("{8BC9CEB8-8B4A-11D0-8D11-00A0C91BC942}") = "RemCom", "RemCom.vcxproj", "{D626893F-6E48-4B25-91F0-30D8BBCB67D7}"
EndProject
Project("{8BC9CEB8-8B4A-11D0-8D11-00A0C91BC942}") = "RemComSvc", "RemComSvc\RemComSvc.vcxproj", "{2F761051-519B-4831-B997-153FE27418DA}"
EndProject
Project("{8BC9CEB8-8B4A-11D0-8D11-00A0C91BC942}") = "RemComCommon", "RemComCommon\RemComCommon.vcxproj", "{C6C7F424-FAFB-4CF1-965B-2C0613B89507}"
EndProject
Global
	GlobalSection(SolutionConfigurationPlatforms) = preSolution
		Debug|Any CPU = Debug|Any CPU
		Debug|x64 = Debug|x64
		Debug|x86 = Debug|x86
		Release|Any CPU = Release|Any CPU
		Release|x64 = Release|x64
		Release|x86 = Release|x86
		Template|Any CPU = Template|Any CPU
		Template|x64 = Template|x64
		Template|x86 = Template|x86
	EndGlobalSection
	GlobalSection(ProjectConfigurationPlatforms) = postSolution
		{6C855BBB-9A74-4C81-B322-FC8E30ED38B5}.Debug|Any CPU.ActiveCfg = Debug|Win32
		{6C855BBB-9A74-4C81-B322-FC8E30ED38B5}.Debug|x64.ActiveCfg = Debug|Win32
		{6C855BBB-9A74-4C81-B322-FC8E30ED38B5}.Debug|x86.ActiveCfg = Debug|Win32
		{6C855BBB-9A74-4C81-B322-FC8E30ED38B5}.Debug|x86.Build.0 = Debug|Win32
		{6C855BBB-9A74-4C81-B322-FC8E30ED38B5}.Release|Any CPU.ActiveCfg = Release|Win32
		{6C855BBB-9A74-4C81-B322-FC8E30ED38B5}.Release|x64.ActiveCfg = Release|Win32
		{6C855BBB-9A74-4C81-B322-FC8E30ED38B5}.Release|x86.ActiveCfg = Release|Win32
		{6C855BBB-9A74-4C81-B322-FC8E30ED38B5}.Release|x86.Build.0 = Release|Win32
		{6C855BBB-9A74-4C81-B322-FC8E30ED38B5}.Template|Any CPU.ActiveCfg = Release|Win32
		{6C855BBB-9A74-4C81-B322-FC8E30ED38B5}.Template|Any CPU.Build.0 = Release|Win32
		{6C855BBB-9A74-4C81-B322-FC8E30ED38B5}.Template|Any CPU.Deploy.0 = Release|Win32
		{6C855BBB-9A74-4C81-B322-FC8E30ED38B5}.Template|x64.ActiveCfg = Release|Win32
		{6C855BBB-9A74-4C81-B322-FC8E30ED38B5}.Template|x64.Build.0 = Release|Win32
		{6C855BBB-9A74-4C81-B322-FC8E30ED38B5}.Template|x64.Deploy.0 = Release|Win32
		{6C855BBB-9A74-4C81-B322-FC8E30ED38B5}.Template|x86.ActiveCfg = Release|Win32
		{6C855BBB-9A74-4C81-B322-FC8E30ED38B5}.Template|x86.Build.0 = Release|Win32
		{D626893F-6E48-4B25-91F0-30D8BBCB67D7}.Debug|Any CPU.ActiveCfg = Debug|Win32
		{D626893F-6E48-4B25-91F0-30D8BBCB67D7}.Debug|x64.ActiveCfg = Debug|Win32
		{D626893F-6E48-4B25-91F0-30D8BBCB67D7}.Debug|x86.ActiveCfg = Debug|Win32
		{D626893F-6E48-4B25-91F0-30D8BBCB67D7}.Debug|x86.Build.0 = Debug|Win32
		{D626893F-6E48-4B25-91F0-30D8BBCB67D7}.Release|Any CPU.ActiveCfg = Release|Win32
		{D626893F-6E48-4B25-91F0-30D8BBCB67D7}.Release|x64.ActiveCfg = Release|Win32
		{D626893F-6E48-4B25-91F0-30D8BBCB67D7}.Release|x86.ActiveCfg = Release|Win32
		{D626893F-6E48-4B25-91F0-30D8BBCB67D7}.Release|x86.Build.0 = Release|Win32
		{D626893F-6E48-4B25-91F0-30D8BBCB67D7}.Template|Any CPU.ActiveCfg = Template|Win32
		{D626893F-6E48-4B25-91F0-30D8BBCB67D7}.Template|x64.ActiveCfg = Template|Win32
		{D626893F-6E48-4B25-91F0-30D8BBCB67D7}.Template|x86.ActiveCfg = Template|Win32
		{D626893F-6E48-4B25-91F0-30D8BBCB67D7}.Template|x86.Build.0 = Template|Win32
		{2F761051-519B-4831-B997-153FE27418DA}.Debug|Any CPU.ActiveCfg = Debug|Win32
		{2F761051-519B-4831-B997-153FE27418DA}.Debug|x64.ActiveCfg = Debug|Win32
		{2F761051-519B-4831-B997-153FE27418DA}.Debug|x86.ActiveCfg = Debug|Win32
		{2F761051-519B-4831-B997-153FE27418DA}.Debug|x86.Build.0 = Debug|Win32
		{2F761051-519B-4831-B997-153FE27418DA}.Release|Any CPU.ActiveCfg = Release|Win32
		{2F761051-519B-4831-B997-153FE27418DA}.Release|x64.ActiveCfg = Release|Win32
		{2F761051-519B-4831-B997-153FE27418DA}.Release|x86.ActiveCfg = Release|Win32
		{2F761051-519B-4831-B997-153FE27418DA}.Release|x86.Build.0 = Release|Win32
		{2F761051-519B-4831-B997-153FE27418DA}.Template|Any CPU.ActiveCfg = Template|Win32
		{2F761051-519B-4831-B997-153FE27418DA}.Template|x64.ActiveCfg = Template|Win32
		{2F761051-519B-4831-B997-153FE27418DA}.Template|x86.ActiveCfg = Template|Win32
		{2F761051-519B-4831-B997-153FE27418DA}.Template|x86.Build.0 = Template|Win32
		{C6C7F424-FAFB-4CF1-965B-2C0613B89507}.Debug|Any CPU.ActiveCfg = Debug|Win32
		{C6C7F424-FAFB-4CF1-965B-2C0613B89507}.Debug|x64.ActiveCfg = Debug|x64
		{C6C7F424-FAFB-4CF1-965B-2C0613B89507}.Debug|x64.Build.0 = Debug|x64
		{C6C7F424-FAFB-4CF1-965B-2C0613B89507}.Debug|x86.ActiveCfg = Debug|Win32
		{C6C7F424-FAFB-4CF1-965B-2C0613B89507}.Debug|x86.Build.0 = Debug|Win32
		{C6C7F424-FAFB-4CF1-965B-2C0613B89507}.Release|Any CPU.ActiveCfg = Release|Win32
		{C6C7F424-FAFB-4CF1-965B-2C0613B89507}.Release|x64.ActiveCfg = Release|x64
		{C6C7F424-FAFB-4CF1-965B-2C0613B89507}.Release|x64.Build.0 = Release|x64
		{C6C7F424-FAFB-4CF1-965B-2C0613B89507}.Release|x86.ActiveCfg = Release|Win32
		{C6C7F424-FAFB-4CF1-965B-2C0613B89507}.Release|x86.Build.0 = Release|Win32
		{C6C7F424-FAFB-4CF1-965B-2C0613B89507}.Template|Any CPU.ActiveCfg = Release|x64
		{C6C7F424-FAFB-4CF1-965B-2C0613B89507}.Template|Any CPU.Build.0 = Release|x64
		{C6C7F424-FAFB-4CF1-965B-2C0613B89507}.Template|x64.ActiveCfg = Release|x64
		{C6C7F424-FAFB-4CF1-965B-2C0613B89507}.Template|x64.Build.0 = Release|x64
		{C6C7F424-FAFB-4CF1-965B-2C0613B89507}.Template|x86.ActiveCfg = Release|Win32
		{C6C7F424-FAFB-4CF1-965B-2C0613B89507}.Template|x86.Build.0 = Release|Win32
	EndGlobalSection
	GlobalSection(SolutionProperties) = preSolution
		HideSolutionNode = FALSE
	EndGlobalSection
	GlobalSection(ExtensibilityGlobals) = postSolution
		SolutionGuid = {722EF4C1-7133-4847-A2B8-675EBC432FE9}
	EndGlobalSection
EndGlobal
